
Microsoft Visual Studio Solution File, Format Version 12.00
# Visual Studio 15
Project("{FAE04EC0-301F-11D3-BF4B-00C04F79EFBC}") = "Assembly-CSharp", "Assembly-CSharp.csproj", "{BAE5C84F-5C2A-C811-8EDF-9D6894DC2D45}"
EndProject
Global
	GlobalSection(SolutionConfigurationPlatforms) = preSolution
		Debug|Any CPU = Debug|Any CPU
		Release|Any CPU = Release|Any CPU
	EndGlobalSection
	GlobalSection(ProjectConfigurationPlatforms) = postSolution
		{BAE5C84F-5C2A-C811-8EDF-9D6894DC2D45}.Debug|Any CPU.ActiveCfg = Debug|Any CPU
		{BAE5C84F-5C2A-C811-8EDF-9D6894DC2D45}.Debug|Any CPU.Build.0 = Debug|Any CPU
		{BAE5C84F-5C2A-C811-8EDF-9D6894DC2D45}.Release|Any CPU.ActiveCfg = Release|Any CPU
		{BAE5C84F-5C2A-C811-8EDF-9D6894DC2D45}.Release|Any CPU.Build.0 = Release|Any CPU
	EndGlobalSection
	GlobalSection(SolutionProperties) = preSolution
		HideSolutionNode = FALSE
	EndGlobalSection
EndGlobal
